
Microsoft Visual Studio Solution File, Format Version 12.00
# Visual Studio Version 17
VisualStudioVersion = 17.5.33414.496
MinimumVisualStudioVersion = 10.0.40219.1
Project("{FAE04EC0-301F-11D3-BF4B-00C04F79EFBC}") = "YoutubeDownloader", "YoutubeDownloader\YoutubeDownloader.csproj", "{608D9194-0E0C-4E78-83CA-4CF63BD0F978}"
EndProject
Project("{FAE04EC0-301F-11D3-BF4B-00C04F79EFBC}") = "YoutubeDownloader.Api", "YoutubeDownloader.Api\YoutubeDownloader.Api.csproj", "{58702F86-B479-4E25-B3CD-BC82D57B0F2E}"
EndProject
Project("{2150E333-8FDC-42A3-9474-1A3956D46DE8}") = "YoutubeExplode", "YoutubeExplode", "{168940C0-700B-4C83-8B7B-A23D93758E65}"
EndProject
Project("{FAE04EC0-301F-11D3-BF4B-00C04F79EFBC}") = "YoutubeExplode", "YoutubeExplode\YoutubeExplode\YoutubeExplode.csproj", "{2DFC1498-406E-442D-9A4B-91DED70109A0}"
EndProject
Global
	GlobalSection(SolutionConfigurationPlatforms) = preSolution
		Debug|Any CPU = Debug|Any CPU
		Release|Any CPU = Release|Any CPU
	EndGlobalSection
	GlobalSection(ProjectConfigurationPlatforms) = postSolution
		{608D9194-0E0C-4E78-83CA-4CF63BD0F978}.Debug|Any CPU.ActiveCfg = Debug|Any CPU
		{608D9194-0E0C-4E78-83CA-4CF63BD0F978}.Debug|Any CPU.Build.0 = Debug|Any CPU
		{608D9194-0E0C-4E78-83CA-4CF63BD0F978}.Release|Any CPU.ActiveCfg = Release|Any CPU
		{608D9194-0E0C-4E78-83CA-4CF63BD0F978}.Release|Any CPU.Build.0 = Release|Any CPU
		{58702F86-B479-4E25-B3CD-BC82D57B0F2E}.Debug|Any CPU.ActiveCfg = Debug|Any CPU
		{58702F86-B479-4E25-B3CD-BC82D57B0F2E}.Debug|Any CPU.Build.0 = Debug|Any CPU
		{58702F86-B479-4E25-B3CD-BC82D57B0F2E}.Release|Any CPU.ActiveCfg = Release|Any CPU
		{58702F86-B479-4E25-B3CD-BC82D57B0F2E}.Release|Any CPU.Build.0 = Release|Any CPU
		{2DFC1498-406E-442D-9A4B-91DED70109A0}.Debug|Any CPU.ActiveCfg = Debug|Any CPU
		{2DFC1498-406E-442D-9A4B-91DED70109A0}.Debug|Any CPU.Build.0 = Debug|Any CPU
		{2DFC1498-406E-442D-9A4B-91DED70109A0}.Release|Any CPU.ActiveCfg = Release|Any CPU
		{2DFC1498-406E-442D-9A4B-91DED70109A0}.Release|Any CPU.Build.0 = Release|Any CPU
	EndGlobalSection
	GlobalSection(SolutionProperties) = preSolution
		HideSolutionNode = FALSE
	EndGlobalSection
	GlobalSection(ExtensibilityGlobals) = postSolution
		SolutionGuid = {D93C1CAA-40E2-44D0-8FC0-6AB8321CB4BE}
	EndGlobalSection
	GlobalSection(NestedProjects) = preSolution
		{2DFC1498-406E-442D-9A4B-91DED70109A0} = {168940C0-700B-4C83-8B7B-A23D93758E65}
	EndGlobalSection
EndGlobal
